{
  "requires": true,
  "lockfileVersion": 1,
  "dependencies": {
    "react-lazyload": {
      "version": "2.3.0",
      "resolved": "https://registry.npmjs.org/react-lazyload/-/react-lazyload-2.3.0.tgz",
      "integrity": "sha512-0z3qmL+qtSERdfKFpn0yKXm+1Gg1ZLZBXnCzHhSGiu1L8iDARuCkbOypxEx9+ETxZvMnXj98xvWCs5jyXTuM2w=="
    }
  }
}
